{
  "name": "cellar-crawl",
  "version": "0.1.0",
  "lockfileVersion": 3,
  "requires": true,
  "packages": {
    "": {
      "name": "cellar-crawl",
      "version": "0.1.0",
      "license": "MIT",
      "devDependencies": {
        "@brisberg/spindle": "^0.5.2"
      }
    },
    "node_modules/@brisberg/spindle": {
      "version": "0.5.2",
      "resolved": "https://registry.npmjs.org/@brisberg/spindle/-/spindle-0.5.2.tgz",
      "integrity": "sha512-K8PSl/yk+AyDjkr+Jp563D+3iI8Vbe/Hmr3jL26RgxPjFaOPIKrK5J24/u/aSdcqffitN0KYIq3en+zWJuJDpA==",
      "dev": true,
      "license": "MIT",
      "bin": {
        "spindle": "dist/cli.js"
      },
      "engines": {
        "node": ">=22.17"
      }
    }
  }
}
