{
  "name": "cellar-crawl",
  "version": "0.1.0",
  "lockfileVersion": 3,
  "requires": true,
  "packages": {
    "": {
      "name": "cellar-crawl",
      "version": "0.1.0",
      "license": "MIT",
      "devDependencies": {
        "@brisberg/spindle": "^0.5.0"
      }
    },
    "node_modules/@brisberg/spindle": {
      "version": "0.5.0",
      "dev": true,
      "license": "MIT",
      "bin": {
        "spindle": "dist/cli.js"
      },
      "engines": {
        "node": ">=22.17"
      }
    }
  }
}
